// !$*UTF8*$!
{
	archiveVersion = 1;
	classes = {
	};
	objectVersion = 46;
	objects = {

/* Begin PBXBuildFile section */
		48055C3B1C292038001C0215 /* main.m in Sources */ = {isa = PBXBuildFile; fileRef = 48055C3A1C292038001C0215 /* main.m */; };
		48055C3E1C292038001C0215 /* AppDelegate.m in Sources */ = {isa = PBXBuildFile; fileRef = 48055C3D1C292038001C0215 /* AppDelegate.m */; };
		48055C411C292038001C0215 /* ViewController.m in Sources */ = {isa = PBXBuildFile; fileRef = 48055C401C292038001C0215 /* ViewController.m */; };
		48055C441C292038001C0215 /* Main.storyboard in Resources */ = {isa = PBXBuildFile; fileRef = 48055C421C292038001C0215 /* Main.storyboard */; };
		48055C461C292038001C0215 /* Assets.xcassets in Resources */ = {isa = PBXBuildFile; fileRef = 48055C451C292038001C0215 /* Assets.xcassets */; };
		48055C491C292038001C0215 /* LaunchScreen.storyboard in Resources */ = {isa = PBXBuildFile; fileRef = 48055C471C292038001C0215 /* LaunchScreen.storyboard */; };
		48055C541C292038001C0215 /* playwithiosTests.m in Sources */ = {isa = PBXBuildFile; fileRef = 48055C531C292038001C0215 /* playwithiosTests.m */; };
		48055C5F1C292038001C0215 /* playwithiosUITests.m in Sources */ = {isa = PBXBuildFile; fileRef = 48055C5E1C292038001C0215 /* playwithiosUITests.m */; };
/* End PBXBuildFile section */

/* Begin PBXContainerItemProxy section */
		48055C501C292038001C0215 /* PBXContainerItemProxy */ = {
			isa = PBXContainerItemProxy;
			containerPortal = 48055C2E1C292038001C0215 /* Project object */;
			proxyType = 1;
			remoteGlobalIDString = 48055C351C292038001C0215;
			remoteInfo = playwithios;
		};
		48055C5B1C292038001C0215 /* PBXContainerItemProxy */ = {
			isa = PBXContainerItemProxy;
			containerPortal = 48055C2E1C292038001C0215 /* Project object */;
			proxyType = 1;
			remoteGlobalIDString = 48055C351C292038001C0215;
			remoteInfo = playwithios;
		};
/* End PBXContainerItemProxy section */

/* Begin PBXFileReference section */
		48055C361C292038001C0215 /* playwithios.app */ = {isa = PBXFileReference; explicitFileType = wrapper.application; includeInIndex = 0; path = playwithios.app; sourceTree = BUILT_PRODUCTS_DIR; };
		48055C3A1C292038001C0215 /* main.m */ = {isa = PBXFileReference; lastKnownFileType = sourcecode.c.objc; path = main.m; sourceTree = "<group>"; };
		48055C3C1C292038001C0215 /* AppDelegate.h */ = {isa = PBXFileReference; lastKnownFileType = sourcecode.c.h; path = AppDelegate.h; sourceTree = "<group>"; };
		48055C3D1C292038001C0215 /* AppDelegate.m */ = {isa = PBXFileReference; lastKnownFileType = sourcecode.c.objc; path = AppDelegate.m; sourceTree = "<group>"; };
		48055C3F1C292038001C0215 /* ViewController.h */ = {isa = PBXFileReference; lastKnownFileType = sourcecode.c.h; path = ViewController.h; sourceTree = "<group>"; };
		48055C401C292038001C0215 /* ViewController.m */ = {isa = PBXFileReference; lastKnownFileType = sourcecode.c.objc; path = ViewController.m; sourceTree = "<group>"; };
		48055C431C292038001C0215 /* Base */ = {isa = PBXFileReference; lastKnownFileType = file.storyboard; name = Base; path = Base.lproj/Main.storyboard; sourceTree = "<group>"; };
		48055C451C292038001C0215 /* Assets.xcassets */ = {isa = PBXFileReference; lastKnownFileType = folder.assetcatalog; path = Assets.xcassets; sourceTree = "<group>"; };
		48055C481C292038001C0215 /* Base */ = {isa = PBXFileReference; lastKnownFileType = file.storyboard; name = Base; path = Base.lproj/LaunchScreen.storyboard; sourceTree = "<group>"; };
		48055C4A1C292038001C0215 /* Info.plist */ = {isa = PBXFileReference; lastKnownFileType = text.plist.xml; path = Info.plist; sourceTree = "<group>"; };
		48055C4F1C292038001C0215 /* playwithiosTests.xctest */ = {isa = PBXFileReference; explicitFileType = wrapper.cfbundle; includeInIndex = 0; path = playwithiosTests.xctest; sourceTree = BUILT_PRODUCTS_DIR; };
		48055C531C292038001C0215 /* playwithiosTests.m */ = {isa = PBXFileReference; lastKnownFileType = sourcecode.c.objc; path = playwithiosTests.m; sourceTree = "<group>"; };
		48055C551C292038001C0215 /* Info.plist */ = {isa = PBXFileReference; lastKnownFileType = text.plist.xml; path = Info.plist; sourceTree = "<group>"; };
		48055C5A1C292038001C0215 /* playwithiosUITests.xctest */ = {isa = PBXFileReference; explicitFileType = wrapper.cfbundle; includeInIndex = 0; path = playwithiosUITests.xctest; sourceTree = BUILT_PRODUCTS_DIR; };
		48055C5E1C292038001C0215 /* playwithiosUITests.m */ = {isa = PBXFileReference; lastKnownFileType = sourcecode.c.objc; path = playwithiosUITests.m; sourceTree = "<group>"; };
		48055C601C292038001C0215 /* Info.plist */ = {isa = PBXFileReference; lastKnownFileType = text.plist.xml; path = Info.plist; sourceTree = "<group>"; };
/* End PBXFileReference section */

/* Begin PBXFrameworksBuildPhase section */
		48055C331C292038001C0215 /* Frameworks */ = {
			isa = PBXFrameworksBuildPhase;
			buildActionMask = 2147483647;
			files = (
			);
			runOnlyForDeploymentPostprocessing = 0;
		};
		48055C4C1C292038001C0215 /* Frameworks */ = {
			isa = PBXFrameworksBuildPhase;
			buildActionMask = 2147483647;
			files = (
			);
			runOnlyForDeploymentPostprocessing = 0;
		};
		48055C571C292038001C0215 /* Frameworks */ = {
			isa = PBXFrameworksBuildPhase;
			buildActionMask = 2147483647;
			files = (
			);
			runOnlyForDeploymentPostprocessing = 0;
		};
/* End PBXFrameworksBuildPhase section */

/* Begin PBXGroup section */
		48055C2D1C292038001C0215 = {
			isa = PBXGroup;
			children = (
				48055C381C292038001C0215 /* playwithios */,
				48055C521C292038001C0215 /* playwithiosTests */,
				48055C5D1C292038001C0215 /* playwithiosUITests */,
				48055C371C292038001C0215 /* Products */,
			);
			sourceTree = "<group>";
		};
		48055C371C292038001C0215 /* Products */ = {
			isa = PBXGroup;
			children = (
				48055C361C292038001C0215 /* playwithios.app */,
				48055C4F1C292038001C0215 /* playwithiosTests.xctest */,
				48055C5A1C292038001C0215 /* playwithiosUITests.xctest */,
			);
			name = Products;
			sourceTree = "<group>";
		};
		48055C381C292038001C0215 /* playwithios */ = {
			isa = PBXGroup;
			children = (
				48055C3C1C292038001C0215 /* AppDelegate.h */,
				48055C3D1C292038001C0215 /* AppDelegate.m */,
				48055C3F1C292038001C0215 /* ViewController.h */,
				48055C401C292038001C0215 /* ViewController.m */,
				48055C421C292038001C0215 /* Main.storyboard */,
				48055C451C292038001C0215 /* Assets.xcassets */,
				48055C471C292038001C0215 /* LaunchScreen.storyboard */,
				48055C4A1C292038001C0215 /* Info.plist */,
				48055C391C292038001C0215 /* Supporting Files */,
			);
			path = playwithios;
			sourceTree = "<group>";
		};
		48055C391C292038001C0215 /* Supporting Files */ = {
			isa = PBXGroup;
			children = (
				48055C3A1C292038001C0215 /* main.m */,
			);
			name = "Supporting Files";
			sourceTree = "<group>";
		};
		48055C521C292038001C0215 /* playwithiosTests */ = {
			isa = PBXGroup;
			children = (
				48055C531C292038001C0215 /* playwithiosTests.m */,
				48055C551C292038001C0215 /* Info.plist */,
			);
			path = playwithiosTests;
			sourceTree = "<group>";
		};
		48055C5D1C292038001C0215 /* playwithiosUITests */ = {
			isa = PBXGroup;
			children = (
				48055C5E1C292038001C0215 /* playwithiosUITests.m */,
				48055C601C292038001C0215 /* Info.plist */,
			);
			path = playwithiosUITests;
			sourceTree = "<group>";
		};
/* End PBXGroup section */

/* Begin PBXNativeTarget section */
		48055C351C292038001C0215 /* playwithios */ = {
			isa = PBXNativeTarget;
			buildConfigurationList = 48055C631C292038001C0215 /* Build configuration list for PBXNativeTarget "playwithios" */;
			buildPhases = (
				48055C321C292038001C0215 /* Sources */,
				48055C331C292038001C0215 /* Frameworks */,
				48055C341C292038001C0215 /* Resources */,
			);
			buildRules = (
			);
			dependencies = (
			);
			name = playwithios;
			productName = playwithios;
			productReference = 48055C361C292038001C0215 /* playwithios.app */;
			productType = "com.apple.product-type.application";
		};
		48055C4E1C292038001C0215 /* playwithiosTests */ = {
			isa = PBXNativeTarget;
			buildConfigurationList = 48055C661C292038001C0215 /* Build configuration list for PBXNativeTarget "playwithiosTests" */;
			buildPhases = (
				48055C4B1C292038001C0215 /* Sources */,
				48055C4C1C292038001C0215 /* Frameworks */,
				48055C4D1C292038001C0215 /* Resources */,
			);
			buildRules = (
			);
			dependencies = (
				48055C511C292038001C0215 /* PBXTargetDependency */,
			);
			name = playwithiosTests;
			productName = playwithiosTests;
			productReference = 48055C4F1C292038001C0215 /* playwithiosTests.xctest */;
			productType = "com.apple.product-type.bundle.unit-test";
		};
		48055C591C292038001C0215 /* playwithiosUITests */ = {
			isa = PBXNativeTarget;
			buildConfigurationList = 48055C691C292038001C0215 /* Build configuration list for PBXNativeTarget "playwithiosUITests" */;
			buildPhases = (
				48055C561C292038001C0215 /* Sources */,
				48055C571C292038001C0215 /* Frameworks */,
				48055C581C292038001C0215 /* Resources */,
			);
			buildRules = (
			);
			dependencies = (
				48055C5C1C292038001C0215 /* PBXTargetDependency */,
			);
			name = playwithiosUITests;
			productName = playwithiosUITests;
			productReference = 48055C5A1C292038001C0215 /* playwithiosUITests.xctest */;
			productType = "com.apple.product-type.bundle.ui-testing";
		};
/* End PBXNativeTarget section */

/* Begin PBXProject section */
		48055C2E1C292038001C0215 /* Project object */ = {
			isa = PBXProject;
			attributes = {
				LastUpgradeCheck = 0720;
				ORGANIZATIONNAME = Aditya;
				TargetAttributes = {
					48055C351C292038001C0215 = {
						CreatedOnToolsVersion = 7.2;
					};
					48055C4E1C292038001C0215 = {
						CreatedOnToolsVersion = 7.2;
						TestTargetID = 48055C351C292038001C0215;
					};
					48055C591C292038001C0215 = {
						CreatedOnToolsVersion = 7.2;
						TestTargetID = 48055C351C292038001C0215;
					};
				};
			};
			buildConfigurationList = 48055C311C292038001C0215 /* Build configuration list for PBXProject "playwithios" */;
			compatibilityVersion = "Xcode 3.2";
			developmentRegion = English;
			hasScannedForEncodings = 0;
			knownRegions = (
				en,
				Base,
			);
			mainGroup = 48055C2D1C292038001C0215;
			productRefGroup = 48055C371C292038001C0215 /* Products */;
			projectDirPath = "";
			projectRoot = "";
			targets = (
				48055C351C292038001C0215 /* playwithios */,
				48055C4E1C292038001C0215 /* playwithiosTests */,
				48055C591C292038001C0215 /* playwithiosUITests */,
			);
		};
/* End PBXProject section */

/* Begin PBXResourcesBuildPhase section */
		48055C341C292038001C0215 /* Resources */ = {
			isa = PBXResourcesBuildPhase;
			buildActionMask = 2147483647;
			files = (
				48055C491C292038001C0215 /* LaunchScreen.storyboard in Resources */,
				48055C461C292038001C0215 /* Assets.xcassets in Resources */,
				48055C441C292038001C0215 /* Main.storyboard in Resources */,
			);
			runOnlyForDeploymentPostprocessing = 0;
		};
		48055C4D1C292038001C0215 /* Resources */ = {
			isa = PBXResourcesBuildPhase;
			buildActionMask = 2147483647;
			files = (
			);
			runOnlyForDeploymentPostprocessing = 0;
		};
		48055C581C292038001C0215 /* Resources */ = {
			isa = PBXResourcesBuildPhase;
			buildActionMask = 2147483647;
			files = (
			);
			runOnlyForDeploymentPostprocessing = 0;
		};
/* End PBXResourcesBuildPhase section */

/* Begin PBXSourcesBuildPhase section */
		48055C321C292038001C0215 /* Sources */ = {
			isa = PBXSourcesBuildPhase;
			buildActionMask = 2147483647;
			files = (
				48055C411C292038001C0215 /* ViewController.m in Sources */,
				48055C3E1C292038001C0215 /* AppDelegate.m in Sources */,
				48055C3B1C292038001C0215 /* main.m in Sources */,
			);
			runOnlyForDeploymentPostprocessing = 0;
		};
		48055C4B1C292038001C0215 /* Sources */ = {
			isa = PBXSourcesBuildPhase;
			buildActionMask = 2147483647;
			files = (
				48055C541C292038001C0215 /* playwithiosTests.m in Sources */,
			);
			runOnlyForDeploymentPostprocessing = 0;
		};
		48055C561C292038001C0215 /* Sources */ = {
			isa = PBXSourcesBuildPhase;
			buildActionMask = 2147483647;
			files = (
				48055C5F1C292038001C0215 /* playwithiosUITests.m in Sources */,
			);
			runOnlyForDeploymentPostprocessing = 0;
		};
/* End PBXSourcesBuildPhase section */

/* Begin PBXTargetDependency section */
		48055C511C292038001C0215 /* PBXTargetDependency */ = {
			isa = PBXTargetDependency;
			target = 48055C351C292038001C0215 /* playwithios */;
			targetProxy = 48055C501C292038001C0215 /* PBXContainerItemProxy */;
		};
		48055C5C1C292038001C0215 /* PBXTargetDependency */ = {
			isa = PBXTargetDependency;
			target = 48055C351C292038001C0215 /* playwithios */;
			targetProxy = 48055C5B1C292038001C0215 /* PBXContainerItemProxy */;
		};
/* End PBXTargetDependency section */

/* Begin PBXVariantGroup section */
		48055C421C292038001C0215 /* Main.storyboard */ = {
			isa = PBXVariantGroup;
			children = (
				48055C431C292038001C0215 /* Base */,
			);
			name = Main.storyboard;
			sourceTree = "<group>";
		};
		48055C471C292038001C0215 /* LaunchScreen.storyboard */ = {
			isa = PBXVariantGroup;
			children = (
				48055C481C292038001C0215 /* Base */,
			);
			name = LaunchScreen.storyboard;
			sourceTree = "<group>";
		};
/* End PBXVariantGroup section */

/* Begin XCBuildConfiguration section */
		48055C611C292038001C0215 /* Debug */ = {
			isa = XCBuildConfiguration;
			buildSettings = {
				ALWAYS_SEARCH_USER_PATHS = NO;
				CLANG_CXX_LANGUAGE_STANDARD = "gnu++0x";
				CLANG_CXX_LIBRARY = "libc++";
				CLANG_ENABLE_MODULES = YES;
				CLANG_ENABLE_OBJC_ARC = YES;
				CLANG_WARN_BOOL_CONVERSION = YES;
				CLANG_WARN_CONSTANT_CONVERSION = YES;
				CLANG_WARN_DIRECT_OBJC_ISA_USAGE = YES_ERROR;
				CLANG_WARN_EMPTY_BODY = YES;
				CLANG_WARN_ENUM_CONVERSION = YES;
				CLANG_WARN_INT_CONVERSION = YES;
				CLANG_WARN_OBJC_ROOT_CLASS = YES_ERROR;
				CLANG_WARN_UNREACHABLE_CODE = YES;
				CLANG_WARN__DUPLICATE_METHOD_MATCH = YES;
				"CODE_SIGN_IDENTITY[sdk=iphoneos*]" = "iPhone Developer";
				COPY_PHASE_STRIP = NO;
				DEBUG_INFORMATION_FORMAT = dwarf;
				ENABLE_STRICT_OBJC_MSGSEND = YES;
				ENABLE_TESTABILITY = YES;
				GCC_C_LANGUAGE_STANDARD = gnu99;
				GCC_DYNAMIC_NO_PIC = NO;
				GCC_NO_COMMON_BLOCKS = YES;
				GCC_OPTIMIZATION_LEVEL = 0;
				GCC_PREPROCESSOR_DEFINITIONS = (
					"DEBUG=1",
					"$(inherited)",
				);
				GCC_WARN_64_TO_32_BIT_CONVERSION = YES;
				GCC_WARN_ABOUT_RETURN_TYPE = YES_ERROR;
				GCC_WARN_UNDECLARED_SELECTOR = YES;
				GCC_WARN_UNINITIALIZED_AUTOS = YES_AGGRESSIVE;
				GCC_WARN_UNUSED_FUNCTION = YES;
				GCC_WARN_UNUSED_VARIABLE = YES;
				IPHONEOS_DEPLOYMENT_TARGET = 9.2;
				MTL_ENABLE_DEBUG_INFO = YES;
				ONLY_ACTIVE_ARCH = YES;
				SDKROOT = iphoneos;
			};
			name = Debug;
		};
		48055C621C292038001C0215 /* Release */ = {
			isa = XCBuildConfiguration;
			buildSettings = {
				ALWAYS_SEARCH_USER_PATHS = NO;
				CLANG_CXX_LANGUAGE_STANDARD = "gnu++0x";
				CLANG_CXX_LIBRARY = "libc++";
				CLANG_ENABLE_MODULES = YES;
				CLANG_ENABLE_OBJC_ARC = YES;
				CLANG_WARN_BOOL_CONVERSION = YES;
				CLANG_WARN_CONSTANT_CONVERSION = YES;
				CLANG_WARN_DIRECT_OBJC_ISA_USAGE = YES_ERROR;
				CLANG_WARN_EMPTY_BODY = YES;
				CLANG_WARN_ENUM_CONVERSION = YES;
				CLANG_WARN_INT_CONVERSION = YES;
				CLANG_WARN_OBJC_ROOT_CLASS = YES_ERROR;
				CLANG_WARN_UNREACHABLE_CODE = YES;
				CLANG_WARN__DUPLICATE_METHOD_MATCH = YES;
				"CODE_SIGN_IDENTITY[sdk=iphoneos*]" = "iPhone Developer";
				COPY_PHASE_STRIP = NO;
				DEBUG_INFORMATION_FORMAT = "dwarf-with-dsym";
				ENABLE_NS_ASSERTIONS = NO;
				ENABLE_STRICT_OBJC_MSGSEND = YES;
				GCC_C_LANGUAGE_STANDARD = gnu99;
				GCC_NO_COMMON_BLOCKS = YES;
				GCC_WARN_64_TO_32_BIT_CONVERSION = YES;
				GCC_WARN_ABOUT_RETURN_TYPE = YES_ERROR;
				GCC_WARN_UNDECLARED_SELECTOR = YES;
				GCC_WARN_UNINITIALIZED_AUTOS = YES_AGGRESSIVE;
				GCC_WARN_UNUSED_FUNCTION = YES;
				GCC_WARN_UNUSED_VARIABLE = YES;
				IPHONEOS_DEPLOYMENT_TARGET = 9.2;
				MTL_ENABLE_DEBUG_INFO = NO;
				SDKROOT = iphoneos;
				VALIDATE_PRODUCT = YES;
			};
			name = Release;
		};
		48055C641C292038001C0215 /* Debug */ = {
			isa = XCBuildConfiguration;
			buildSettings = {
				ASSETCATALOG_COMPILER_APPICON_NAME = AppIcon;
				CODE_SIGN_IDENTITY = "iPhone Developer";
				INFOPLIST_FILE = playwithios/Info.plist;
				LD_RUNPATH_SEARCH_PATHS = "$(inherited) @executable_path/Frameworks";
				PRODUCT_BUNDLE_IDENTIFIER = Aditya.playwithios;
				PRODUCT_NAME = "$(TARGET_NAME)";
			};
			name = Debug;
		};
		48055C651C292038001C0215 /* Release */ = {
			isa = XCBuildConfiguration;
			buildSettings = {
				ASSETCATALOG_COMPILER_APPICON_NAME = AppIcon;
				CODE_SIGN_IDENTITY = "iPhone Developer";
				INFOPLIST_FILE = playwithios/Info.plist;
				LD_RUNPATH_SEARCH_PATHS = "$(inherited) @executable_path/Frameworks";
				PRODUCT_BUNDLE_IDENTIFIER = Aditya.playwithios;
				PRODUCT_NAME = "$(TARGET_NAME)";
			};
			name = Release;
		};
		48055C671C292038001C0215 /* Debug */ = {
			isa = XCBuildConfiguration;
			buildSettings = {
				BUNDLE_LOADER = "$(TEST_HOST)";
				INFOPLIST_FILE = playwithiosTests/Info.plist;
				LD_RUNPATH_SEARCH_PATHS = "$(inherited) @executable_path/Frameworks @loader_path/Frameworks";
				PRODUCT_BUNDLE_IDENTIFIER = Aditya.playwithiosTests;
				PRODUCT_NAME = "$(TARGET_NAME)";
				TEST_HOST = "$(BUILT_PRODUCTS_DIR)/playwithios.app/playwithios";
			};
			name = Debug;
		};
		48055C681C292038001C0215 /* Release */ = {
			isa = XCBuildConfiguration;
			buildSettings = {
				BUNDLE_LOADER = "$(TEST_HOST)";
				INFOPLIST_FILE = playwithiosTests/Info.plist;
				LD_RUNPATH_SEARCH_PATHS = "$(inherited) @executable_path/Frameworks @loader_path/Frameworks";
				PRODUCT_BUNDLE_IDENTIFIER = Aditya.playwithiosTests;
				PRODUCT_NAME = "$(TARGET_NAME)";
				TEST_HOST = "$(BUILT_PRODUCTS_DIR)/playwithios.app/playwithios";
			};
			name = Release;
		};
		48055C6A1C292038001C0215 /* Debug */ = {
			isa = XCBuildConfiguration;
			buildSettings = {
				INFOPLIST_FILE = playwithiosUITests/Info.plist;
				LD_RUNPATH_SEARCH_PATHS = "$(inherited) @executable_path/Frameworks @loader_path/Frameworks";
				PRODUCT_BUNDLE_IDENTIFIER = Aditya.playwithiosUITests;
				PRODUCT_NAME = "$(TARGET_NAME)";
				TEST_TARGET_NAME = playwithios;
				USES_XCTRUNNER = YES;
			};
			name = Debug;
		};
		48055C6B1C292038001C0215 /* Release */ = {
			isa = XCBuildConfiguration;
			buildSettings = {
				INFOPLIST_FILE = playwithiosUITests/Info.plist;
				LD_RUNPATH_SEARCH_PATHS = "$(inherited) @executable_path/Frameworks @loader_path/Frameworks";
				PRODUCT_BUNDLE_IDENTIFIER = Aditya.playwithiosUITests;
				PRODUCT_NAME = "$(TARGET_NAME)";
				TEST_TARGET_NAME = playwithios;
				USES_XCTRUNNER = YES;
			};
			name = Release;
		};
/* End XCBuildConfiguration section */

/* Begin XCConfigurationList section */
		48055C311C292038001C0215 /* Build configuration list for PBXProject "playwithios" */ = {
			isa = XCConfigurationList;
			buildConfigurations = (
				48055C611C292038001C0215 /* Debug */,
				48055C621C292038001C0215 /* Release */,
			);
			defaultConfigurationIsVisible = 0;
			defaultConfigurationName = Release;
		};
		48055C631C292038001C0215 /* Build configuration list for PBXNativeTarget "playwithios" */ = {
			isa = XCConfigurationList;
			buildConfigurations = (
				48055C641C292038001C0215 /* Debug */,
				48055C651C292038001C0215 /* Release */,
			);
			defaultConfigurationIsVisible = 0;
		};
		48055C661C292038001C0215 /* Build configuration list for PBXNativeTarget "playwithiosTests" */ = {
			isa = XCConfigurationList;
			buildConfigurations = (
				48055C671C292038001C0215 /* Debug */,
				48055C681C292038001C0215 /* Release */,
			);
			defaultConfigurationIsVisible = 0;
		};
		48055C691C292038001C0215 /* Build configuration list for PBXNativeTarget "playwithiosUITests" */ = {
			isa = XCConfigurationList;
			buildConfigurations = (
				48055C6A1C292038001C0215 /* Debug */,
				48055C6B1C292038001C0215 /* Release */,
			);
			defaultConfigurationIsVisible = 0;
		};
/* End XCConfigurationList section */
	};
	rootObject = 48055C2E1C292038001C0215 /* Project object */;
}
